Microsoft Visual Studio Solution File, Format Version 11.00
# Visual Studio 2008

Project("{F4E0F261-2CEC-EDBC-0BBA-70D6871C1C29}") = "Dr. Drinks", "Assembly-CSharp.csproj", "{7A3A6358-6844-01CB-8467-AC59C43D08A4}"
EndProject
Project("{F4E0F261-2CEC-EDBC-0BBA-70D6871C1C29}") = "Dr. Drinks", "Assembly-CSharp-Editor.csproj", "{E65A1307-C063-C09C-0983-F5C852B37635}"
EndProject
Global
	GlobalSection(SolutionConfigurationPlatforms) = preSolution
		Debug|Any CPU = Debug|Any CPU
		Release|Any CPU = Release|Any CPU
	EndGlobalSection
	GlobalSection(ProjectConfigurationPlatforms) = postSolution
		{7A3A6358-6844-01CB-8467-AC59C43D08A4}.Debug|Any CPU.ActiveCfg = Debug|Any CPU
		{7A3A6358-6844-01CB-8467-AC59C43D08A4}.Debug|Any CPU.Build.0 = Debug|Any CPU
		{7A3A6358-6844-01CB-8467-AC59C43D08A4}.Release|Any CPU.ActiveCfg = Release|Any CPU
		{7A3A6358-6844-01CB-8467-AC59C43D08A4}.Release|Any CPU.Build.0 = Release|Any CPU
		{E65A1307-C063-C09C-0983-F5C852B37635}.Debug|Any CPU.ActiveCfg = Debug|Any CPU
		{E65A1307-C063-C09C-0983-F5C852B37635}.Debug|Any CPU.Build.0 = Debug|Any CPU
		{E65A1307-C063-C09C-0983-F5C852B37635}.Release|Any CPU.ActiveCfg = Release|Any CPU
		{E65A1307-C063-C09C-0983-F5C852B37635}.Release|Any CPU.Build.0 = Release|Any CPU
	EndGlobalSection
	GlobalSection(SolutionProperties) = preSolution
		HideSolutionNode = FALSE
	EndGlobalSection
	GlobalSection(MonoDevelopProperties) = preSolution
		StartupItem = Assembly-CSharp.csproj
	EndGlobalSection
EndGlobal
