Microsoft Visual Studio Solution File, Format Version 11.00
# Visual Studio 2008

Project("{AFE9E1BC-5F67-CA13-D973-64D560B8BC49}") = "drDrinks", "Assembly-CSharp.csproj", "{B64CE0E6-6F3A-CF04-B901-5A04CD836B5F}"
EndProject
Project("{AFE9E1BC-5F67-CA13-D973-64D560B8BC49}") = "drDrinks", "Assembly-CSharp-Editor.csproj", "{83AA6D84-F929-561C-BB11-D4055081ED71}"
EndProject
Global
	GlobalSection(SolutionConfigurationPlatforms) = preSolution
		Debug|Any CPU = Debug|Any CPU
		Release|Any CPU = Release|Any CPU
	EndGlobalSection
	GlobalSection(ProjectConfigurationPlatforms) = postSolution
		{B64CE0E6-6F3A-CF04-B901-5A04CD836B5F}.Debug|Any CPU.ActiveCfg = Debug|Any CPU
		{B64CE0E6-6F3A-CF04-B901-5A04CD836B5F}.Debug|Any CPU.Build.0 = Debug|Any CPU
		{B64CE0E6-6F3A-CF04-B901-5A04CD836B5F}.Release|Any CPU.ActiveCfg = Release|Any CPU
		{B64CE0E6-6F3A-CF04-B901-5A04CD836B5F}.Release|Any CPU.Build.0 = Release|Any CPU
		{83AA6D84-F929-561C-BB11-D4055081ED71}.Debug|Any CPU.ActiveCfg = Debug|Any CPU
		{83AA6D84-F929-561C-BB11-D4055081ED71}.Debug|Any CPU.Build.0 = Debug|Any CPU
		{83AA6D84-F929-561C-BB11-D4055081ED71}.Release|Any CPU.ActiveCfg = Release|Any CPU
		{83AA6D84-F929-561C-BB11-D4055081ED71}.Release|Any CPU.Build.0 = Release|Any CPU
	EndGlobalSection
	GlobalSection(SolutionProperties) = preSolution
		HideSolutionNode = FALSE
	EndGlobalSection
	GlobalSection(MonoDevelopProperties) = preSolution
		StartupItem = Assembly-CSharp.csproj
	EndGlobalSection
EndGlobal
