
Microsoft Visual Studio Solution File, Format Version 12.00
# Visual Studio 2015
Project("{FAE04EC0-301F-11D3-BF4B-00C04F79EFBC}") = "drDrinks.CSharp", "drDrinks.CSharp.csproj", "{58D397C6-BC28-3101-8D3D-173E8F1B2814}"
EndProject
Project("{FAE04EC0-301F-11D3-BF4B-00C04F79EFBC}") = "drDrinks.CSharp.Editor", "drDrinks.CSharp.Editor.csproj", "{C180A214-99CB-81C0-D10A-03349D248FD3}"
EndProject
Global
	GlobalSection(SolutionConfigurationPlatforms) = preSolution
		Debug|Any CPU = Debug|Any CPU
		Release|Any CPU = Release|Any CPU
	EndGlobalSection
	GlobalSection(ProjectConfigurationPlatforms) = postSolution
		{58D397C6-BC28-3101-8D3D-173E8F1B2814}.Debug|Any CPU.ActiveCfg = Debug|Any CPU
		{58D397C6-BC28-3101-8D3D-173E8F1B2814}.Debug|Any CPU.Build.0 = Debug|Any CPU
		{58D397C6-BC28-3101-8D3D-173E8F1B2814}.Release|Any CPU.ActiveCfg = Release|Any CPU
		{58D397C6-BC28-3101-8D3D-173E8F1B2814}.Release|Any CPU.Build.0 = Release|Any CPU
		{C180A214-99CB-81C0-D10A-03349D248FD3}.Debug|Any CPU.ActiveCfg = Debug|Any CPU
		{C180A214-99CB-81C0-D10A-03349D248FD3}.Debug|Any CPU.Build.0 = Debug|Any CPU
		{C180A214-99CB-81C0-D10A-03349D248FD3}.Release|Any CPU.ActiveCfg = Release|Any CPU
		{C180A214-99CB-81C0-D10A-03349D248FD3}.Release|Any CPU.Build.0 = Release|Any CPU
	EndGlobalSection
	GlobalSection(SolutionProperties) = preSolution
		HideSolutionNode = FALSE
	EndGlobalSection
EndGlobal
